
Microsoft Visual Studio Solution File, Format Version 12.00
# Visual Studio Version 17
VisualStudioVersion = 17.8.34330.188
MinimumVisualStudioVersion = 10.0.40219.1
Project("{FAE04EC0-301F-11D3-BF4B-00C04F79EFBC}") = "Formularios", "Formularios\Formularios.csproj", "{928E08D8-983A-4479-81B0-2CDD2B2E995C}"
EndProject
Project("{FAE04EC0-301F-11D3-BF4B-00C04F79EFBC}") = "CapaDeDados", "CapaDeDados\CapaDeDados.csproj", "{DA0E9ADB-AD30-462C-9CC3-CEA0B3B37CF0}"
EndProject
Project("{FAE04EC0-301F-11D3-BF4B-00C04F79EFBC}") = "CapaDeEntidade", "CapaDeEntidade\CapaDeEntidade.csproj", "{39BFB39C-2930-42E6-BB81-06B281FC1783}"
EndProject
Project("{FAE04EC0-301F-11D3-BF4B-00C04F79EFBC}") = "CapaDeNegocio", "CapaDeNegocio\CapaDeNegocio.csproj", "{12FAE613-532B-412F-B6C0-D19D9180C39D}"
EndProject
Global
	GlobalSection(SolutionConfigurationPlatforms) = preSolution
		Debug|Any CPU = Debug|Any CPU
		Release|Any CPU = Release|Any CPU
	EndGlobalSection
	GlobalSection(ProjectConfigurationPlatforms) = postSolution
		{928E08D8-983A-4479-81B0-2CDD2B2E995C}.Debug|Any CPU.ActiveCfg = Debug|Any CPU
		{928E08D8-983A-4479-81B0-2CDD2B2E995C}.Debug|Any CPU.Build.0 = Debug|Any CPU
		{928E08D8-983A-4479-81B0-2CDD2B2E995C}.Release|Any CPU.ActiveCfg = Release|Any CPU
		{928E08D8-983A-4479-81B0-2CDD2B2E995C}.Release|Any CPU.Build.0 = Release|Any CPU
		{DA0E9ADB-AD30-462C-9CC3-CEA0B3B37CF0}.Debug|Any CPU.ActiveCfg = Debug|Any CPU
		{DA0E9ADB-AD30-462C-9CC3-CEA0B3B37CF0}.Debug|Any CPU.Build.0 = Debug|Any CPU
		{DA0E9ADB-AD30-462C-9CC3-CEA0B3B37CF0}.Release|Any CPU.ActiveCfg = Release|Any CPU
		{DA0E9ADB-AD30-462C-9CC3-CEA0B3B37CF0}.Release|Any CPU.Build.0 = Release|Any CPU
		{39BFB39C-2930-42E6-BB81-06B281FC1783}.Debug|Any CPU.ActiveCfg = Debug|Any CPU
		{39BFB39C-2930-42E6-BB81-06B281FC1783}.Debug|Any CPU.Build.0 = Debug|Any CPU
		{39BFB39C-2930-42E6-BB81-06B281FC1783}.Release|Any CPU.ActiveCfg = Release|Any CPU
		{39BFB39C-2930-42E6-BB81-06B281FC1783}.Release|Any CPU.Build.0 = Release|Any CPU
		{12FAE613-532B-412F-B6C0-D19D9180C39D}.Debug|Any CPU.ActiveCfg = Debug|Any CPU
		{12FAE613-532B-412F-B6C0-D19D9180C39D}.Debug|Any CPU.Build.0 = Debug|Any CPU
		{12FAE613-532B-412F-B6C0-D19D9180C39D}.Release|Any CPU.ActiveCfg = Release|Any CPU
		{12FAE613-532B-412F-B6C0-D19D9180C39D}.Release|Any CPU.Build.0 = Release|Any CPU
	EndGlobalSection
	GlobalSection(SolutionProperties) = preSolution
		HideSolutionNode = FALSE
	EndGlobalSection
	GlobalSection(ExtensibilityGlobals) = postSolution
		SolutionGuid = {B49DE459-BE85-418A-8D14-9C4CF6A8722F}
	EndGlobalSection
EndGlobal
