
Microsoft Visual Studio Solution File, Format Version 12.00
# Visual Studio Version 17
VisualStudioVersion = 17.8.34330.188
MinimumVisualStudioVersion = 10.0.40219.1
Project("{FAE04EC0-301F-11D3-BF4B-00C04F79EFBC}") = "Projeto-Pedidos", "Projeto-Pedidos\Projeto-Pedidos.csproj", "{5E12277B-9F85-4A4F-BA2F-D5EB4715F7DA}"
EndProject
Global
	GlobalSection(SolutionConfigurationPlatforms) = preSolution
		Debug|Any CPU = Debug|Any CPU
		Release|Any CPU = Release|Any CPU
	EndGlobalSection
	GlobalSection(ProjectConfigurationPlatforms) = postSolution
		{5E12277B-9F85-4A4F-BA2F-D5EB4715F7DA}.Debug|Any CPU.ActiveCfg = Debug|Any CPU
		{5E12277B-9F85-4A4F-BA2F-D5EB4715F7DA}.Debug|Any CPU.Build.0 = Debug|Any CPU
		{5E12277B-9F85-4A4F-BA2F-D5EB4715F7DA}.Release|Any CPU.ActiveCfg = Release|Any CPU
		{5E12277B-9F85-4A4F-BA2F-D5EB4715F7DA}.Release|Any CPU.Build.0 = Release|Any CPU
	EndGlobalSection
	GlobalSection(SolutionProperties) = preSolution
		HideSolutionNode = FALSE
	EndGlobalSection
	GlobalSection(ExtensibilityGlobals) = postSolution
		SolutionGuid = {D3346004-4E85-4EF1-A282-D7EE39718E33}
	EndGlobalSection
EndGlobal
